
Microsoft Visual Studio Solution File, Format Version 12.00
# Visual Studio Version 16
VisualStudioVersion = 16.0.28803.202
MinimumVisualStudioVersion = 10.0.40219.1
Project("{888888A0-9F3D-457C-B088-3A5042F75D52}") = "LSTMRNNRoughSearch", "LSTMRNNRoughSearch\LSTMRNNRoughSearch.pyproj", "{0233144C-359E-439E-A174-8BD6EA9EA696}"
EndProject
Global
	GlobalSection(SolutionConfigurationPlatforms) = preSolution
		Debug|Any CPU = Debug|Any CPU
		Release|Any CPU = Release|Any CPU
	EndGlobalSection
	GlobalSection(ProjectConfigurationPlatforms) = postSolution
		{0233144C-359E-439E-A174-8BD6EA9EA696}.Debug|Any CPU.ActiveCfg = Debug|Any CPU
		{0233144C-359E-439E-A174-8BD6EA9EA696}.Release|Any CPU.ActiveCfg = Release|Any CPU
	EndGlobalSection
	GlobalSection(SolutionProperties) = preSolution
		HideSolutionNode = FALSE
	EndGlobalSection
	GlobalSection(ExtensibilityGlobals) = postSolution
		SolutionGuid = {98736D31-B062-409A-BFE4-3BF412D22728}
	EndGlobalSection
EndGlobal
